<?xml version="1.0" encoding="utf-8"?>
<Project ToolsVersion="4.0" xmlns="http://schemas.microsoft.com/developer/msbuild/2003">
  <ItemGroup>
    <ClCompile Include="pch.cpp" />
    <ClCompile Include="main.cpp" />
    <ClCompile Include="Source\Runtime\Actor\Private\Actor.cpp">
      <Filter>Source\Runtime\Actor\Private</Filter>
    </ClCompile>
    <ClCompile Include="Source\Runtime\Actor\Private\CubeActor.cpp">
      <Filter>Source\Runtime\Actor\Private</Filter>
    </ClCompile>
    <ClCompile Include="Source\Runtime\Actor\Private\SphereActor.cpp">
      <Filter>Source\Runtime\Actor\Private</Filter>
    </ClCompile>
    <ClCompile Include="Source\Runtime\Actor\Private\SquareActor.cpp">
      <Filter>Source\Runtime\Actor\Private</Filter>
    </ClCompile>
    <ClCompile Include="Source\Runtime\Actor\Private\StaticMeshActor.cpp">
      <Filter>Source\Runtime\Actor\Private</Filter>
    </ClCompile>
    <ClCompile Include="Source\Runtime\Actor\Private\TriangleActor.cpp">
      <Filter>Source\Runtime\Actor\Private</Filter>
    </ClCompile>
    <ClCompile Include="Source\Runtime\Component\Private\ActorComponent.cpp">
      <Filter>Source\Runtime\Component\Private</Filter>
    </ClCompile>
    <ClCompile Include="Source\Runtime\Component\Private\BillBoardComponent.cpp">
      <Filter>Source\Runtime\Component\Private</Filter>
    </ClCompile>
    <ClCompile Include="Source\Runtime\Component\Private\LineComponent.cpp">
      <Filter>Source\Runtime\Component\Private</Filter>
    </ClCompile>
    <ClCompile Include="Source\Runtime\Component\Private\MeshComponent.cpp">
      <Filter>Source\Runtime\Component\Private</Filter>
    </ClCompile>
    <ClCompile Include="Source\Manager\UI\Private\UIManager.cpp">
      <Filter>Source\Manager\UI\Private</Filter>
    </ClCompile>
    <ClCompile Include="Source\Runtime\Component\Mesh\Private\SphereComponent.cpp">
      <Filter>Source\Runtime\Component\Mesh\Private</Filter>
    </ClCompile>
    <ClCompile Include="Source\Runtime\Component\Mesh\Private\SquareComponent.cpp">
      <Filter>Source\Runtime\Component\Mesh\Private</Filter>
    </ClCompile>
    <ClCompile Include="Source\Runtime\Component\Mesh\Private\TriangleComponent.cpp">
      <Filter>Source\Runtime\Component\Mesh\Private</Filter>
    </ClCompile>
    <ClCompile Include="Source\Runtime\Component\Mesh\Private\VertexDatas.cpp">
      <Filter>Source\Runtime\Component\Mesh\Private</Filter>
    </ClCompile>
    <ClCompile Include="Source\Runtime\Component\Private\StaticMeshComponent.cpp">
      <Filter>Source\Runtime\Component\Private</Filter>
    </ClCompile>
    <ClCompile Include="Source\Runtime\Core\Private\AppWindow.cpp">
      <Filter>Source\Runtime\Core\Private</Filter>
    </ClCompile>
    <ClCompile Include="Source\Runtime\Core\Private\Class.cpp">
      <Filter>Source\Runtime\Core\Private</Filter>
    </ClCompile>
    <ClCompile Include="Source\Runtime\Core\Private\EngineLoop.cpp">
      <Filter>Source\Runtime\Core\Private</Filter>
    </ClCompile>
    <ClCompile Include="Source\Runtime\Core\Private\Name.cpp">
      <Filter>Source\Runtime\Core\Private</Filter>
    </ClCompile>
    <ClCompile Include="Source\Runtime\Core\Private\Object.cpp">
      <Filter>Source\Runtime\Core\Private</Filter>
    </ClCompile>
    <ClCompile Include="Source\Runtime\Level\Private\Level.cpp">
      <Filter>Source\Runtime\Level\Private</Filter>
    </ClCompile>
    <ClCompile Include="Source\Runtime\Subsystem\Private\PathSubsystem.cpp">
      <Filter>Source\Runtime\Subsystem\Private</Filter>
    </ClCompile>
    <ClCompile Include="Source\Runtime\Subsystem\Private\Subsystem.cpp">
      <Filter>Source\Runtime\Subsystem\Private</Filter>
    </ClCompile>
    <ClCompile Include="Source\Runtime\Subsystem\Private\EditorSubsystem.cpp">
      <Filter>Source\Runtime\Subsystem\Private</Filter>
    </ClCompile>
    <ClCompile Include="Source\Runtime\Subsystem\Private\EngineSubsystem.cpp">
      <Filter>Source\Runtime\Subsystem\Private</Filter>
    </ClCompile>
    <ClCompile Include="Source\Runtime\Subsystem\Private\LocalPlayerSubsystem.cpp">
      <Filter>Source\Runtime\Subsystem\Private</Filter>
    </ClCompile>
    <ClCompile Include="Source\Runtime\Subsystem\Private\SubsystemCollection.cpp">
      <Filter>Source\Runtime\Subsystem\Private</Filter>
    </ClCompile>
    <ClCompile Include="Source\Runtime\Subsystem\Private\GameInstanceSubsystem.cpp">
      <Filter>Source\Runtime\Subsystem\Private</Filter>
    </ClCompile>
    <ClCompile Include="Source\Runtime\Engine\Private\Engine.cpp">
      <Filter>Source\Runtime\Engine\Private</Filter>
    </ClCompile>
    <ClCompile Include="Source\Runtime\Engine\Private\EngineEditor.cpp">
      <Filter>Source\Runtime\Engine\Private</Filter>
    </ClCompile>
    <ClCompile Include="Source\Runtime\Engine\Private\GameInstance.cpp">
      <Filter>Source\Runtime\Engine\Private</Filter>
    </ClCompile>
    <ClCompile Include="Source\Runtime\Engine\Private\LocalPlayer.cpp">
      <Filter>Source\Runtime\Engine\Private</Filter>
    </ClCompile>
    <ClCompile Include="Source\Window\Private\Viewport.cpp">
      <Filter>Source\Window\Private</Filter>
    </ClCompile>
    <ClCompile Include="Source\Window\Private\ViewportClient.cpp">
      <Filter>Source\Window\Private</Filter>
    </ClCompile>
    <ClCompile Include="Source\Manager\Viewport\Private\ViewportManager.cpp">
      <Filter>Source\Manager\Viewport\Private</Filter>
    </ClCompile>
    <ClCompile Include="Source\Manager\Asset\Private\AssetManger.cpp">
      <Filter>Source\Manager\Asset\Private</Filter>
    </ClCompile>
    <ClCompile Include="Source\Manager\Config\Private\ConfigManager.cpp">
      <Filter>Source\Manager\Config\Private</Filter>
    </ClCompile>
    <ClCompile Include="Source\Manager\Input\Private\InputManager.cpp">
      <Filter>Source\Manager\Input\Private</Filter>
    </ClCompile>
    <ClCompile Include="Source\Manager\Level\Private\LevelManager.cpp">
      <Filter>Source\Manager\Level\Private</Filter>
    </ClCompile>
    <ClCompile Include="Source\Manager\UI\Private\UIManager.cpp">
      <Filter>Source\Manager\UI\Private</Filter>
    </ClCompile>
    <ClCompile Include="Source\Window\Private\Splitter.cpp">
      <Filter>Source\Window\Private</Filter>
    </ClCompile>
    <ClCompile Include="Source\Window\Private\SplitterH.cpp">
      <Filter>Source\Window\Private</Filter>
    </ClCompile>
    <ClCompile Include="Source\Window\Private\SplitterV.cpp">
      <Filter>Source\Window\Private</Filter>
    </ClCompile>
    <ClCompile Include="Source\Window\Private\Window.cpp">
      <Filter>Source\Window\Private</Filter>
    </ClCompile>
    <ClCompile Include="Source\Window\Private\WindowSystem.cpp">
      <Filter>Source\Window\Private</Filter>
    </ClCompile>
    <ClCompile Include="Source\Asset\Private\ObjImporter.cpp">
      <Filter>Source\Asset\Private</Filter>
    </ClCompile>
    <ClCompile Include="Source\Asset\Private\StaticMesh.cpp">
      <Filter>Source\Asset\Private</Filter>
    </ClCompile>
    <ClCompile Include="Source\Global\Quaternion.cpp">
      <Filter>Source\Global</Filter>
    </ClCompile>
    <ClCompile Include="Source\Global\Matrix.cpp">
      <Filter>Source\Global</Filter>
    </ClCompile>
    <ClCompile Include="Source\Global\Memory.cpp">
      <Filter>Source\Global</Filter>
    </ClCompile>
    <ClCompile Include="Source\Global\Vector.cpp">
      <Filter>Source\Global</Filter>
    </ClCompile>
    <ClCompile Include="Source\Physics\Private\AABB.cpp">
      <Filter>Source\Physics\Private</Filter>
    </ClCompile>
    <ClCompile Include="Source\Physics\Private\BoundingSphere.cpp">
      <Filter>Source\Physics\Private</Filter>
    </ClCompile>
    <ClCompile Include="Source\Editor\Private\Axis.cpp">
      <Filter>Source\Editor\Private</Filter>
    </ClCompile>
    <ClCompile Include="Source\Editor\Private\BatchLines.cpp">
      <Filter>Source\Editor\Private</Filter>
    </ClCompile>
    <ClCompile Include="Source\Editor\Private\BoundingBoxLines.cpp">
      <Filter>Source\Editor\Private</Filter>
    </ClCompile>
    <ClCompile Include="Source\Editor\Private\Camera.cpp">
      <Filter>Source\Editor\Private</Filter>
    </ClCompile>
    <ClCompile Include="Source\Editor\Private\Editor.cpp">
      <Filter>Source\Editor\Private</Filter>
    </ClCompile>
    <ClCompile Include="Source\Editor\Private\Gizmo.cpp">
      <Filter>Source\Editor\Private</Filter>
    </ClCompile>
    <ClCompile Include="Source\Editor\Private\Grid.cpp">
      <Filter>Source\Editor\Private</Filter>
    </ClCompile>
    <ClCompile Include="Source\Editor\Private\ObjectPicker.cpp">
      <Filter>Source\Editor\Private</Filter>
    </ClCompile>
    <ClCompile Include="Source\Factory\Actor\Private\StaticMeshActorFactory.cpp">
      <Filter>Source\Factory\Actor\Private</Filter>
    </ClCompile>
    <ClCompile Include="Source\Factory\Actor\Private\ActorFactory.cpp">
      <Filter>Source\Factory\Actor\Private</Filter>
    </ClCompile>
    <ClCompile Include="Source\Factory\Component\Private\ComponentFactories.cpp">
      <Filter>Source\Factory\Component\Private</Filter>
    </ClCompile>
    <ClCompile Include="Source\Factory\Component\Private\ComponentFactory.cpp">
      <Filter>Source\Factory\Component\Private</Filter>
    </ClCompile>
    <ClCompile Include="Source\Factory\Private\Factory.cpp">
      <Filter>Source\Factory\Private</Filter>
    </ClCompile>
    <ClCompile Include="Source\Factory\Private\FactorySystem.cpp">
      <Filter>Source\Factory\Private</Filter>
    </ClCompile>
    <ClCompile Include="Source\ImGui\imgui.cpp">
      <Filter>Source\ImGui</Filter>
    </ClCompile>
    <ClCompile Include="Source\ImGui\imgui_demo.cpp">
      <Filter>Source\ImGui</Filter>
    </ClCompile>
    <ClCompile Include="Source\ImGui\imgui_draw.cpp">
      <Filter>Source\ImGui</Filter>
    </ClCompile>
    <ClCompile Include="Source\ImGui\imgui_impl_dx11.cpp">
      <Filter>Source\ImGui</Filter>
    </ClCompile>
    <ClCompile Include="Source\ImGui\imgui_impl_win32.cpp">
      <Filter>Source\ImGui</Filter>
    </ClCompile>
    <ClCompile Include="Source\ImGui\imgui_tables.cpp">
      <Filter>Source\ImGui</Filter>
    </ClCompile>
    <ClCompile Include="Source\ImGui\imgui_widgets.cpp">
      <Filter>Source\ImGui</Filter>
    </ClCompile>
    <ClCompile Include="Source\Render\Renderer\Private\DeviceResources.cpp">
      <Filter>Source\Render\Renderer\Private</Filter>
    </ClCompile>
    <ClCompile Include="Source\Render\Renderer\Private\Pipeline.cpp">
      <Filter>Source\Render\Renderer\Private</Filter>
    </ClCompile>
    <ClCompile Include="Source\Render\Renderer\Private\Renderer.cpp">
      <Filter>Source\Render\Renderer\Private</Filter>
    </ClCompile>
    <ClCompile Include="Source\Render\FontRenderer\Private\FontRenderer.cpp">
      <Filter>Source\Render\FontRenderer\Private</Filter>
    </ClCompile>
    <ClCompile Include="Source\Render\UI\Factory\Private\UIWindowFactory.cpp">
      <Filter>Source\Render\UI\Factory\Private</Filter>
    </ClCompile>
    <ClCompile Include="Source\Render\UI\ImGui\Private\ImGuiHelper.cpp">
      <Filter>Source\Render\UI\ImGui\Private</Filter>
    </ClCompile>
    <ClCompile Include="Source\Render\UI\Widget\Private\ActorDetailWidget.cpp">
      <Filter>Source\Render\UI\Widget\Private</Filter>
    </ClCompile>
    <ClCompile Include="Source\Render\UI\Widget\Private\ActorTerminationWidget.cpp">
      <Filter>Source\Render\UI\Widget\Private</Filter>
    </ClCompile>
    <ClCompile Include="Source\Render\UI\Widget\Private\CameraControlWIdget.cpp">
      <Filter>Source\Render\UI\Widget\Private</Filter>
    </ClCompile>
    <ClCompile Include="Source\Render\UI\Widget\Private\ConsoleWidget.cpp">
      <Filter>Source\Render\UI\Widget\Private</Filter>
    </ClCompile>
    <ClCompile Include="Source\Render\UI\Widget\Private\FPSWidget.cpp">
      <Filter>Source\Render\UI\Widget\Private</Filter>
    </ClCompile>
    <ClCompile Include="Source\Render\UI\Widget\Private\InputInformationWidget.cpp">
      <Filter>Source\Render\UI\Widget\Private</Filter>
    </ClCompile>
    <ClCompile Include="Source\Render\UI\Widget\Private\MainBarWidget.cpp">
      <Filter>Source\Render\UI\Widget\Private</Filter>
    </ClCompile>
    <ClCompile Include="Source\Render\UI\Widget\Private\PrimitiveSpawnWidget.cpp">
      <Filter>Source\Render\UI\Widget\Private</Filter>
    </ClCompile>
    <ClCompile Include="Source\Render\UI\Widget\Private\SceneHierarchyWidget.cpp">
      <Filter>Source\Render\UI\Widget\Private</Filter>
    </ClCompile>
    <ClCompile Include="Source\Render\UI\Widget\Private\SceneIOWidget.cpp">
      <Filter>Source\Render\UI\Widget\Private</Filter>
    </ClCompile>
    <ClCompile Include="Source\Render\UI\Widget\Private\TargetActorTransformWidget.cpp">
      <Filter>Source\Render\UI\Widget\Private</Filter>
    </ClCompile>
    <ClCompile Include="Source\Render\UI\Widget\Private\Widget.cpp">
      <Filter>Source\Render\UI\Widget\Private</Filter>
    </ClCompile>
    <ClCompile Include="Source\Render\UI\Window\Private\ConsoleWindow.cpp">
      <Filter>Source\Render\UI\Window\Private</Filter>
    </ClCompile>
    <ClCompile Include="Source\Render\UI\Window\Private\ControlPanelWindow.cpp">
      <Filter>Source\Render\UI\Window\Private</Filter>
    </ClCompile>
    <ClCompile Include="Source\Render\UI\Window\Private\ExperimentalFeatureWindow.cpp">
      <Filter>Source\Render\UI\Window\Private</Filter>
    </ClCompile>
    <ClCompile Include="Source\Render\UI\Window\Private\MainMenuWindow.cpp">
      <Filter>Source\Render\UI\Window\Private</Filter>
    </ClCompile>
    <ClCompile Include="Source\Render\UI\Window\Private\OutlinerWindow.cpp">
      <Filter>Source\Render\UI\Window\Private</Filter>
    </ClCompile>
    <ClCompile Include="Source\Render\UI\Window\Private\DetailWindow.cpp">
      <Filter>Source\Render\UI\Window\Private</Filter>
    </ClCompile>
    <ClCompile Include="Source\Render\UI\Window\Private\UIWindow.cpp">
      <Filter>Source\Render\UI\Window\Private</Filter>
    </ClCompile>
    <ClCompile Include="Source\Texture\Private\Texture.cpp">
      <Filter>Source\Texture\Private</Filter>
    </ClCompile>
    <ClCompile Include="Source\Utility\Private\JsonSerializer.cpp">
      <Filter>Source\Utility\Private</Filter>
    </ClCompile>
    <ClCompile Include="Source\Utility\Private\UELogParser.cpp">
      <Filter>Source\Utility\Private</Filter>
    </ClCompile>
    <ClCompile Include="Source\Runtime\Actor\Private\Actor.cpp" />
    <ClCompile Include="Source\Runtime\Actor\Private\StaticMeshActor.cpp" />
    <ClCompile Include="Source\Runtime\Component\Private\ActorComponent.cpp" />
    <ClCompile Include="Source\Runtime\Component\Private\BillBoardComponent.cpp" />
    <ClCompile Include="Source\Runtime\Component\Private\LineComponent.cpp" />
    <ClCompile Include="Source\Runtime\Component\Private\MeshComponent.cpp" />
    <ClCompile Include="Source\Runtime\Component\Private\PrimitiveComponent.cpp" />
    <ClCompile Include="Source\Runtime\Component\Private\SceneComponent.cpp" />
    <ClCompile Include="Source\Runtime\Component\Mesh\Private\VertexDatas.cpp" />
    <ClCompile Include="Source\Runtime\Component\Private\StaticMeshComponent.cpp" />
    <ClCompile Include="Source\Runtime\Core\Private\AppWindow.cpp" />
    <ClCompile Include="Source\Runtime\Core\Private\Class.cpp" />
    <ClCompile Include="Source\Runtime\Core\Private\EngineLoop.cpp" />
    <ClCompile Include="Source\Runtime\Core\Private\Name.cpp" />
    <ClCompile Include="Source\Runtime\Core\Private\Object.cpp" />
    <ClCompile Include="Source\Runtime\Level\Private\Level.cpp" />
    <ClCompile Include="Source\Runtime\Subsystem\Private\PathSubsystem.cpp" />
    <ClCompile Include="Source\Runtime\Subsystem\Private\Subsystem.cpp" />
    <ClCompile Include="Source\Runtime\Subsystem\Private\EditorSubsystem.cpp" />
    <ClCompile Include="Source\Runtime\Subsystem\Private\EngineSubsystem.cpp" />
    <ClCompile Include="Source\Runtime\Subsystem\Private\LocalPlayerSubsystem.cpp" />
    <ClCompile Include="Source\Runtime\Subsystem\Private\SubsystemCollection.cpp" />
    <ClCompile Include="Source\Runtime\Subsystem\Private\GameInstanceSubsystem.cpp" />
    <ClCompile Include="Source\Runtime\Engine\Private\Engine.cpp" />
    <ClCompile Include="Source\Runtime\Engine\Private\EngineEditor.cpp" />
    <ClCompile Include="Source\Runtime\Engine\Private\GameInstance.cpp" />
    <ClCompile Include="Source\Runtime\Engine\Private\LocalPlayer.cpp" />
    <ClCompile Include="Source\Window\Private\Viewport.cpp" />
    <ClCompile Include="Source\Window\Private\ViewportClient.cpp" />
    <ClCompile Include="Source\Utility\Private\Archive.cpp" />
  </ItemGroup>
  <ItemGroup>
    <ClInclude Include="pch.h" />
    <ClInclude Include="pch.h" />
    <ClInclude Include="resource.h" />
    <ClInclude Include="Source\Runtime\Actor\Public\Actor.h">
      <Filter>Source\Runtime\Actor\Public</Filter>
    </ClInclude>
    <ClInclude Include="Source\Runtime\Actor\Public\CubeActor.h">
      <Filter>Source\Runtime\Actor\Public</Filter>
    </ClInclude>
    <ClInclude Include="Source\Runtime\Actor\Public\SphereActor.h">
      <Filter>Source\Runtime\Actor\Public</Filter>
    </ClInclude>
    <ClInclude Include="Source\Runtime\Actor\Public\SquareActor.h">
      <Filter>Source\Runtime\Actor\Public</Filter>
    </ClInclude>
    <ClInclude Include="Source\Runtime\Actor\Public\StaticMeshActor.h">
      <Filter>Source\Runtime\Actor\Public</Filter>
    </ClInclude>
    <ClInclude Include="Source\Runtime\Actor\Public\TriangleActor.h">
      <Filter>Source\Runtime\Actor\Public</Filter>
    </ClInclude>
    <ClInclude Include="Source\Runtime\Component\Public\ActorComponent.h">
      <Filter>Source\Runtime\Component\Public</Filter>
    </ClInclude>
    <ClInclude Include="Source\Runtime\Component\Public\BillBoardComponent.h">
      <Filter>Source\Runtime\Component\Public</Filter>
    </ClInclude>
    <ClInclude Include="Source\Runtime\Component\Public\LineComponent.h">
      <Filter>Source\Runtime\Component\Public</Filter>
    </ClInclude>
    <ClInclude Include="Source\Runtime\Component\Public\MeshComponent.h">
      <Filter>Source\Runtime\Component\Public</Filter>
    </ClInclude>
    <ClInclude Include="Source\Runtime\Component\Public\PrimitiveComponent.h">
      <Filter>Source\Runtime\Component\Public</Filter>
    </ClInclude>
    <ClInclude Include="Source\Manager\UI\Public\UIManager.h">
      <Filter>Source\Manager\UI\Public</Filter>
    </ClInclude>
    <ClInclude Include="Source\Runtime\Component\Mesh\Public\SquareComponent.h">
      <Filter>Source\Runtime\Component\Mesh\Public</Filter>
    </ClInclude>
    <ClInclude Include="Source\Runtime\Component\Mesh\Public\TriangleComponent.h">
      <Filter>Source\Runtime\Component\Mesh\Public</Filter>
    </ClInclude>
    <ClInclude Include="Source\Runtime\Component\Mesh\Public\VertexDatas.h">
      <Filter>Source\Runtime\Component\Mesh\Public</Filter>
    </ClInclude>
    <ClInclude Include="Source\Runtime\Component\Mesh\Sample\Rectangle.h">
      <Filter>Source\Runtime\Component\Mesh\Sample</Filter>
    </ClInclude>
    <ClInclude Include="Source\Runtime\Component\Mesh\Sample\Sphere.h">
      <Filter>Source\Runtime\Component\Mesh\Sample</Filter>
    </ClInclude>
    <ClInclude Include="Source\Runtime\Component\Mesh\Sample\Triangle.h">
      <Filter>Source\Runtime\Component\Mesh\Sample</Filter>
    </ClInclude>
    <ClInclude Include="Source\Runtime\Core\Public\ObjectIterator.h">
      <Filter>Source\Runtime\Core\Public</Filter>
    </ClInclude>
    <ClInclude Include="Source\Runtime\Component\Public\StaticMeshComponent.h">
      <Filter>Source\Runtime\Component\Public</Filter>
    </ClInclude>
    <ClInclude Include="Source\Runtime\Core\Public\AppWindow.h">
      <Filter>Source\Runtime\Core\Public</Filter>
    </ClInclude>
    <ClInclude Include="Source\Runtime\Core\Public\Class.h">
      <Filter>Source\Runtime\Core\Public</Filter>
    </ClInclude>
    <ClInclude Include="Source\Runtime\Core\Public\EngineLoop.h">
      <Filter>Source\Runtime\Core\Public</Filter>
    </ClInclude>
    <ClInclude Include="Source\Runtime\Core\Public\EngineStatics.h">
      <Filter>Source\Runtime\Core\Public</Filter>
    </ClInclude>
    <ClInclude Include="Source\Runtime\Core\Public\Name.h">
      <Filter>Source\Runtime\Core\Public</Filter>
    </ClInclude>
    <ClInclude Include="Source\Runtime\Core\Public\Object.h">
      <Filter>Source\Runtime\Core\Public</Filter>
    </ClInclude>
    <ClInclude Include="Source\Runtime\Core\Public\ObjectPtr.h">
      <Filter>Source\Runtime\Core\Public</Filter>
    </ClInclude>
    <ClInclude Include="Source\Runtime\Level\Public\Level.h">
      <Filter>Source\Runtime\Level\Public</Filter>
    </ClInclude>
    <ClInclude Include="Source\Runtime\Subsystem\Public\PathSubsystem.h">
      <Filter>Source\Runtime\Subsystem\Public</Filter>
    </ClInclude>
    <ClInclude Include="Source\Runtime\Subsystem\Public\EditorSubsystem.h">
      <Filter>Source\Runtime\Subsystem\Public</Filter>
    </ClInclude>
    <ClInclude Include="Source\Runtime\Subsystem\Public\GameInstanceSubsystem.h">
      <Filter>Source\Runtime\Subsystem\Public</Filter>
    </ClInclude>
    <ClInclude Include="Source\Runtime\Subsystem\Public\LocalPlayerSubsystem.h">
      <Filter>Source\Runtime\Subsystem\Public</Filter>
    </ClInclude>
    <ClInclude Include="Source\Runtime\Subsystem\Public\Subsystem.h">
      <Filter>Source\Runtime\Subsystem\Public</Filter>
    </ClInclude>
    <ClInclude Include="Source\Runtime\Subsystem\Public\SubsystemCollection.h">
      <Filter>Source\Runtime\Subsystem\Public</Filter>
    </ClInclude>
    <ClInclude Include="Source\Runtime\Subsystem\Public\EngineSubsystem.h">
      <Filter>Source\Runtime\Subsystem\Public</Filter>
    </ClInclude>
    <ClInclude Include="Source\Runtime\Core\Public\Engine.h">
      <Filter>Source\Runtime\Core\Public</Filter>
    </ClInclude>
    <ClInclude Include="Source\Runtime\Core\Public\EngineEditor.h">
      <Filter>Source\Runtime\Core\Public</Filter>
    </ClInclude>
    <ClInclude Include="Source\Runtime\Core\Public\GameInstance.h">
      <Filter>Source\Runtime\Core\Public</Filter>
    </ClInclude>
    <ClInclude Include="Source\Runtime\Core\Public\LocalPlayer.h">
      <Filter>Source\Runtime\Core\Public</Filter>
    </ClInclude>
    <ClInclude Include="Source\Window\Public\Viewport.h">
      <Filter>Source\Window\Public</Filter>
    </ClInclude>
    <ClInclude Include="Source\Window\Public\ViewportClient.h">
      <Filter>Source\Window\Public</Filter>
    </ClInclude>
    <ClInclude Include="Source\Manager\Viewport\Public\ViewportManager.h">
      <Filter>Source\Manager\Viewport\Public</Filter>
    </ClInclude>
    <ClInclude Include="Source\Manager\Asset\Public\AssetManager.h">
      <Filter>Source\Manager\Asset\Public</Filter>
    </ClInclude>
    <ClInclude Include="Source\Manager\Config\Public\ConfigManager.h">
      <Filter>Source\Manager\Config\Public</Filter>
    </ClInclude>
    <ClInclude Include="Source\Manager\Input\Public\InputManager.h">
      <Filter>Source\Manager\Input\Public</Filter>
    </ClInclude>
    <ClInclude Include="Source\Manager\Level\Public\LevelManager.h">
      <Filter>Source\Manager\Level\Public</Filter>
    </ClInclude>
    <ClInclude Include="Source\Manager\UI\Public\UIManager.h">
      <Filter>Source\Manager\UI\Public</Filter>
    </ClInclude>
    <ClInclude Include="Source\Window\Public\Splitter.h">
      <Filter>Source\Window\Public</Filter>
    </ClInclude>
    <ClInclude Include="Source\Window\Public\SplitterH.h">
      <Filter>Source\Window\Public</Filter>
    </ClInclude>
    <ClInclude Include="Source\Window\Public\SplitterV.h">
      <Filter>Source\Window\Public</Filter>
    </ClInclude>
    <ClInclude Include="Source\Window\Public\Window.h">
      <Filter>Source\Window\Public</Filter>
    </ClInclude>
    <ClInclude Include="Source\Window\Public\WindowSystem.h">
      <Filter>Source\Window\Public</Filter>
    </ClInclude>
    <ClInclude Include="Source\Material\Public\Material.h">
      <Filter>Source\Material\Public</Filter>
    </ClInclude>
    <ClInclude Include="Source\Asset\Public\ObjImporter.h">
      <Filter>Source\Asset\Public</Filter>
    </ClInclude>
    <ClInclude Include="Source\Asset\Public\StaticMesh.h">
      <Filter>Source\Asset\Public</Filter>
    </ClInclude>
    <ClInclude Include="Source\Asset\Public\StaticMeshData.h">
      <Filter>Source\Asset\Public</Filter>
    </ClInclude>
    <ClInclude Include="Source\Global\Quaternion.h">
      <Filter>Source\Global</Filter>
    </ClInclude>
    <ClInclude Include="Source\Global\Constant.h">
      <Filter>Source\Global</Filter>
    </ClInclude>
    <ClInclude Include="Source\Global\CoreTypes.h">
      <Filter>Source\Global</Filter>
    </ClInclude>
    <ClInclude Include="Source\Global\Enum.h">
      <Filter>Source\Global</Filter>
    </ClInclude>
    <ClInclude Include="Source\Global\EnumReflection.h">
      <Filter>Source\Global</Filter>
    </ClInclude>
    <ClInclude Include="Source\Global\Function.h">
      <Filter>Source\Global</Filter>
    </ClInclude>
    <ClInclude Include="Source\Global\Macro.h">
      <Filter>Source\Global</Filter>
    </ClInclude>
    <ClInclude Include="Source\Global\Matrix.h">
      <Filter>Source\Global</Filter>
    </ClInclude>
    <ClInclude Include="Source\Global\Memory.h">
      <Filter>Source\Global</Filter>
    </ClInclude>
    <ClInclude Include="Source\Global\Types.h">
      <Filter>Source\Global</Filter>
    </ClInclude>
    <ClInclude Include="Source\Global\Vector.h">
      <Filter>Source\Global</Filter>
    </ClInclude>
    <ClInclude Include="Source\Physics\Public\AABB.h">
      <Filter>Source\Physics\Public</Filter>
    </ClInclude>
    <ClInclude Include="Source\Physics\Public\BoundingSphere.h">
      <Filter>Source\Physics\Public</Filter>
    </ClInclude>
    <ClInclude Include="Source\Physics\Public\BoundingVolume.h">
      <Filter>Source\Physics\Public</Filter>
    </ClInclude>
    <ClInclude Include="Source\Editor\Public\Axis.h">
      <Filter>Source\Editor\Public</Filter>
    </ClInclude>
    <ClInclude Include="Source\Editor\Public\BatchLines.h">
      <Filter>Source\Editor\Public</Filter>
    </ClInclude>
    <ClInclude Include="Source\Editor\Public\BoundingBoxLines.h">
      <Filter>Source\Editor\Public</Filter>
    </ClInclude>
    <ClInclude Include="Source\Editor\Public\Camera.h">
      <Filter>Source\Editor\Public</Filter>
    </ClInclude>
    <ClInclude Include="Source\Editor\Public\Editor.h">
      <Filter>Source\Editor\Public</Filter>
    </ClInclude>
    <ClInclude Include="Source\Editor\Public\EditorPrimitive.h">
      <Filter>Source\Editor\Public</Filter>
    </ClInclude>
    <ClInclude Include="Source\Editor\Public\Gizmo.h">
      <Filter>Source\Editor\Public</Filter>
    </ClInclude>
    <ClInclude Include="Source\Editor\Public\Grid.h">
      <Filter>Source\Editor\Public</Filter>
    </ClInclude>
    <ClInclude Include="Source\Editor\Public\ObjectPicker.h">
      <Filter>Source\Editor\Public</Filter>
    </ClInclude>
    <ClInclude Include="Source\Factory\Actor\Public\StaticMeshActorFactory.h">
      <Filter>Source\Factory\Actor\Public</Filter>
    </ClInclude>
    <ClInclude Include="Source\Factory\Actor\Public\ActorFactory.h">
      <Filter>Source\Factory\Actor\Public</Filter>
    </ClInclude>
    <ClInclude Include="Source\Factory\Component\Public\ComponentFactory.h">
      <Filter>Source\Factory\Component\Public</Filter>
    </ClInclude>
    <ClInclude Include="Source\Factory\Public\Factory.h">
      <Filter>Source\Factory\Public</Filter>
    </ClInclude>
    <ClInclude Include="Source\Factory\Public\FactorySystem.h">
      <Filter>Source\Factory\Public</Filter>
    </ClInclude>
    <ClInclude Include="Source\Factory\Public\NewObject.h">
      <Filter>Source\Factory\Public</Filter>
    </ClInclude>
    <ClInclude Include="Source\ImGui\imconfig.h">
      <Filter>Source\ImGui</Filter>
    </ClInclude>
    <ClInclude Include="Source\ImGui\imgui.h">
      <Filter>Source\ImGui</Filter>
    </ClInclude>
    <ClInclude Include="Source\ImGui\imgui_impl_dx11.h">
      <Filter>Source\ImGui</Filter>
    </ClInclude>
    <ClInclude Include="Source\ImGui\imgui_impl_win32.h">
      <Filter>Source\ImGui</Filter>
    </ClInclude>
    <ClInclude Include="Source\ImGui\imgui_internal.h">
      <Filter>Source\ImGui</Filter>
    </ClInclude>
    <ClInclude Include="Source\ImGui\imstb_rectpack.h">
      <Filter>Source\ImGui</Filter>
    </ClInclude>
    <ClInclude Include="Source\ImGui\imstb_textedit.h">
      <Filter>Source\ImGui</Filter>
    </ClInclude>
    <ClInclude Include="Source\ImGui\imstb_truetype.h">
      <Filter>Source\ImGui</Filter>
    </ClInclude>
    <ClInclude Include="Source\Render\Renderer\Public\DeviceResources.h">
      <Filter>Source\Render\Renderer\Public</Filter>
    </ClInclude>
    <ClInclude Include="Source\Render\Renderer\Public\Pipeline.h">
      <Filter>Source\Render\Renderer\Public</Filter>
    </ClInclude>
    <ClInclude Include="Source\Render\Renderer\Public\Renderer.h">
      <Filter>Source\Render\Renderer\Public</Filter>
    </ClInclude>
    <ClInclude Include="Source\Render\FontRenderer\Public\FontRenderer.h">
      <Filter>Source\Render\FontRenderer\Public</Filter>
    </ClInclude>
    <ClInclude Include="Source\Render\UI\Factory\Public\UIWindowFactory.h">
      <Filter>Source\Render\UI\Factory\Public</Filter>
    </ClInclude>
    <ClInclude Include="Source\Render\UI\ImGui\Public\ImGuiHelper.h">
      <Filter>Source\Render\UI\ImGui\Public</Filter>
    </ClInclude>
    <ClInclude Include="Source\Render\UI\Widget\Public\ActorDetailWidget.h">
      <Filter>Source\Render\UI\Widget\Public</Filter>
    </ClInclude>
    <ClInclude Include="Source\Render\UI\Widget\Public\ActorTerminationWidget.h">
      <Filter>Source\Render\UI\Widget\Public</Filter>
    </ClInclude>
    <ClInclude Include="Source\Render\UI\Widget\Public\CameraControlWidget.h">
      <Filter>Source\Render\UI\Widget\Public</Filter>
    </ClInclude>
    <ClInclude Include="Source\Render\UI\Widget\Public\ConsoleWidget.h">
      <Filter>Source\Render\UI\Widget\Public</Filter>
    </ClInclude>
    <ClInclude Include="Source\Render\UI\Widget\Public\FPSWidget.h">
      <Filter>Source\Render\UI\Widget\Public</Filter>
    </ClInclude>
    <ClInclude Include="Source\Render\UI\Widget\Public\InputInformationWidget.h">
      <Filter>Source\Render\UI\Widget\Public</Filter>
    </ClInclude>
    <ClInclude Include="Source\Render\UI\Widget\Public\MainBarWidget.h">
      <Filter>Source\Render\UI\Widget\Public</Filter>
    </ClInclude>
    <ClInclude Include="Source\Render\UI\Widget\Public\PrimitiveSpawnWidget.h">
      <Filter>Source\Render\UI\Widget\Public</Filter>
    </ClInclude>
    <ClInclude Include="Source\Render\UI\Widget\Public\SceneHierarchyWidget.h">
      <Filter>Source\Render\UI\Widget\Public</Filter>
    </ClInclude>
    <ClInclude Include="Source\Render\UI\Widget\Public\SceneIOWidget.h">
      <Filter>Source\Render\UI\Widget\Public</Filter>
    </ClInclude>
    <ClInclude Include="Source\Render\UI\Widget\Public\TargetActorTransformWidget.h">
      <Filter>Source\Render\UI\Widget\Public</Filter>
    </ClInclude>
    <ClInclude Include="Source\Render\UI\Widget\Public\Widget.h">
      <Filter>Source\Render\UI\Widget\Public</Filter>
    </ClInclude>
    <ClInclude Include="Source\Render\UI\Window\Public\ConsoleWindow.h">
      <Filter>Source\Render\UI\Window\Public</Filter>
    </ClInclude>
    <ClInclude Include="Source\Render\UI\Window\Public\ControlPanelWindow.h">
      <Filter>Source\Render\UI\Window\Public</Filter>
    </ClInclude>
    <ClInclude Include="Source\Render\UI\Window\Public\ExperimentalFeatureWindow.h">
      <Filter>Source\Render\UI\Window\Public</Filter>
    </ClInclude>
    <ClInclude Include="Source\Render\UI\Window\Public\MainMenuWindow.h">
      <Filter>Source\Render\UI\Window\Public</Filter>
    </ClInclude>
    <ClInclude Include="Source\Render\UI\Window\Public\OutlinerWindow.h">
      <Filter>Source\Render\UI\Window\Public</Filter>
    </ClInclude>
    <ClInclude Include="Source\Render\UI\Window\Public\DetailWindow.h">
      <Filter>Source\Render\UI\Window\Public</Filter>
    </ClInclude>
    <ClInclude Include="Source\Render\UI\Window\Public\UIWindow.h">
      <Filter>Source\Render\UI\Window\Public</Filter>
    </ClInclude>
    <ClInclude Include="Source\Texture\Public\Texture.h">
      <Filter>Source\Texture\Public</Filter>
    </ClInclude>
    <ClInclude Include="Source\Utility\Public\JsonSerializer.h">
      <Filter>Source\Utility\Public</Filter>
    </ClInclude>
    <ClInclude Include="Source\Utility\Public\Metadata.h">
      <Filter>Source\Utility\Public</Filter>
    </ClInclude>
    <ClInclude Include="Source\Utility\Public\UELogParser.h">
      <Filter>Source\Utility\Public</Filter>
    </ClInclude>
    <ClInclude Include="resource.h" />
    <ClInclude Include="Source\Runtime\Actor\Public\Actor.h" />
    <ClInclude Include="Source\Runtime\Actor\Public\StaticMeshActor.h" />
    <ClInclude Include="Source\Runtime\Component\Public\ActorComponent.h" />
    <ClInclude Include="Source\Runtime\Component\Public\BillBoardComponent.h" />
    <ClInclude Include="Source\Runtime\Component\Public\LineComponent.h" />
    <ClInclude Include="Source\Runtime\Component\Public\MeshComponent.h" />
    <ClInclude Include="Source\Runtime\Component\Public\PrimitiveComponent.h" />
    <ClInclude Include="Source\Runtime\Component\Public\SceneComponent.h" />
    <ClInclude Include="Source\Runtime\Component\Mesh\Public\VertexDatas.h" />
    <ClInclude Include="Source\Runtime\Component\Mesh\Sample\Rectangle.h" />
    <ClInclude Include="Source\Runtime\Component\Mesh\Sample\Sphere.h" />
    <ClInclude Include="Source\Runtime\Component\Mesh\Sample\Triangle.h" />
    <ClInclude Include="Source\Runtime\Core\Public\ObjectIterator.h" />
    <ClInclude Include="Source\Runtime\Component\Public\StaticMeshComponent.h" />
    <ClInclude Include="Source\Runtime\Core\Public\AppWindow.h" />
    <ClInclude Include="Source\Runtime\Core\Public\Class.h" />
    <ClInclude Include="Source\Runtime\Core\Public\EngineLoop.h" />
    <ClInclude Include="Source\Runtime\Core\Public\EngineStatics.h" />
    <ClInclude Include="Source\Runtime\Core\Public\Name.h" />
    <ClInclude Include="Source\Runtime\Core\Public\Object.h" />
    <ClInclude Include="Source\Runtime\Core\Public\ObjectPtr.h" />
    <ClInclude Include="Source\Runtime\Level\Public\Level.h" />
    <ClInclude Include="Source\Runtime\Subsystem\Public\PathSubsystem.h" />
    <ClInclude Include="Source\Runtime\Subsystem\Public\EditorSubsystem.h" />
    <ClInclude Include="Source\Runtime\Subsystem\Public\GameInstanceSubsystem.h" />
    <ClInclude Include="Source\Runtime\Subsystem\Public\LocalPlayerSubsystem.h" />
    <ClInclude Include="Source\Runtime\Subsystem\Public\Subsystem.h" />
    <ClInclude Include="Source\Runtime\Subsystem\Public\SubsystemCollection.h" />
    <ClInclude Include="Source\Runtime\Subsystem\Public\EngineSubsystem.h" />
    <ClInclude Include="Source\Runtime\Core\Public\Engine.h" />
    <ClInclude Include="Source\Runtime\Core\Public\EngineEditor.h" />
    <ClInclude Include="Source\Runtime\Core\Public\GameInstance.h" />
    <ClInclude Include="Source\Runtime\Core\Public\LocalPlayer.h" />
    <ClInclude Include="Source\Window\Public\Viewport.h" />
    <ClInclude Include="Source\Window\Public\ViewportClient.h" />
    <ClInclude Include="Source\Utility\Public\Archive.h" />
  </ItemGroup>
  <ItemGroup>
    <FxCompile Include="Asset\Shader\StaticMeshShader.hlsl">
      <Filter>Asset\Shader</Filter>
    </FxCompile>
    <FxCompile Include="Asset\Shader\SampleShader.hlsl">
      <Filter>Asset\Shader</Filter>
    </FxCompile>
    <FxCompile Include="Asset\Shader\BatchLinePS.hlsl">
      <Filter>Asset\Shader</Filter>
    </FxCompile>
    <FxCompile Include="Asset\Shader\BatchLineVS.hlsl">
      <Filter>Asset\Shader</Filter>
    </FxCompile>
    <FxCompile Include="Asset\Shader\ShaderFont.hlsl">
      <Filter>Asset\Shader</Filter>
    </FxCompile>
    <FxCompile Include="Asset\Shader\StaticMeshShader.hlsl" />
  </ItemGroup>
  <ItemGroup>
    <Filter Include="Asset">
      <UniqueIdentifier>{71b562ac-d8a6-45b5-a136-2f548ed27bde}</UniqueIdentifier>
    </Filter>
    <Filter Include="Asset\Shader">
      <UniqueIdentifier>{923a6a25-e4c9-47d3-ae5e-4dabc5fec5aa}</UniqueIdentifier>
    </Filter>
    <Filter Include="Source">
      <UniqueIdentifier>{61905905-4f2e-4976-b007-556f1e98b8f4}</UniqueIdentifier>
    </Filter>
    <Filter Include="Source\Runtime">
      <UniqueIdentifier>{b698cca3-7174-4da0-88a8-2651aa617d06}</UniqueIdentifier>
    </Filter>
    <Filter Include="Source\Runtime\Actor">
      <UniqueIdentifier>{339b4238-309f-42fc-930f-d14acda97d2f}</UniqueIdentifier>
    </Filter>
    <Filter Include="Source\Runtime\Actor\Private">
      <UniqueIdentifier>{51baeb02-dd81-431c-acfb-7673f727c8eb}</UniqueIdentifier>
    </Filter>
    <Filter Include="Source\Runtime\Component">
      <UniqueIdentifier>{34a9ca37-415b-488f-9a68-2476faa941b7}</UniqueIdentifier>
    </Filter>
    <Filter Include="Source\Runtime\Component\Private">
      <UniqueIdentifier>{0d4b9373-a12f-4d05-9173-b8bcdd106e3f}</UniqueIdentifier>
    </Filter>
    <Filter Include="Source\Runtime\Component\Mesh">
      <UniqueIdentifier>{59af4534-d3a9-43bd-9a3c-9fdc1ff3f6fe}</UniqueIdentifier>
    </Filter>
    <Filter Include="Source\Runtime\Component\Mesh\Private">
      <UniqueIdentifier>{824f5c8e-97e0-4026-833a-5757086f684b}</UniqueIdentifier>
    </Filter>
    <Filter Include="Source\Runtime\Core">
      <UniqueIdentifier>{ca0600fb-afbf-4166-8538-85dd68b2ce09}</UniqueIdentifier>
    </Filter>
    <Filter Include="Source\Runtime\Core\Private">
      <UniqueIdentifier>{3f030f16-2d22-4794-ad5b-4f49f28b3dfa}</UniqueIdentifier>
    </Filter>
    <Filter Include="Source\Runtime\Level">
      <UniqueIdentifier>{ceec79b0-955b-4436-bdcb-3d14ad7f1173}</UniqueIdentifier>
    </Filter>
    <Filter Include="Source\Runtime\Level\Private">
      <UniqueIdentifier>{b868f3f8-80e2-465a-b7b7-2c33b464be57}</UniqueIdentifier>
    </Filter>
    <Filter Include="Source\Runtime\Subsystem">
      <UniqueIdentifier>{bebb1022-c615-48ff-97ca-e036476eaba4}</UniqueIdentifier>
    </Filter>
    <Filter Include="Source\Runtime\Subsystem\Private">
      <UniqueIdentifier>{39dcced2-bc40-4204-91b0-55846e8b360e}</UniqueIdentifier>
    </Filter>
    <Filter Include="Source\Runtime\Engine">
      <UniqueIdentifier>{da9dec29-61bf-4b5e-9709-5690283e1f18}</UniqueIdentifier>
    </Filter>
    <Filter Include="Source\Runtime\Engine\Private">
      <UniqueIdentifier>{e85d6301-ba66-42ac-935a-3654a82e6cb3}</UniqueIdentifier>
    </Filter>
    <Filter Include="Source\Window">
      <UniqueIdentifier>{28ed31c0-4c36-44be-954c-8e1dc5fa1c4d}</UniqueIdentifier>
    </Filter>
    <Filter Include="Source\Window\Private">
      <UniqueIdentifier>{f30b0d8b-debe-47ec-a913-d52cbb25acda}</UniqueIdentifier>
    </Filter>
    <Filter Include="Source\Runtime\Actor\Public">
      <UniqueIdentifier>{e2391508-2700-45a9-8013-7c4b11d978ad}</UniqueIdentifier>
    </Filter>
    <Filter Include="Source\Runtime\Component\Public">
      <UniqueIdentifier>{865bcb8b-16c1-4f60-88da-79021258b947}</UniqueIdentifier>
    </Filter>
    <Filter Include="Source\Runtime\Component\Mesh\Public">
      <UniqueIdentifier>{f1605f32-da8f-4cdf-bfd4-000fc19b2caa}</UniqueIdentifier>
    </Filter>
    <Filter Include="Source\Runtime\Component\Mesh\Sample">
      <UniqueIdentifier>{14b9932b-36cf-448e-92ae-ebc5c8913e0a}</UniqueIdentifier>
    </Filter>
    <Filter Include="Source\Runtime\Core\Public">
      <UniqueIdentifier>{69b5b659-1fe1-40c0-955a-3ce0b546acde}</UniqueIdentifier>
    </Filter>
    <Filter Include="Source\Runtime\Level\Public">
      <UniqueIdentifier>{e850ec98-5abf-485f-af25-b1e813ae2653}</UniqueIdentifier>
    </Filter>
    <Filter Include="Source\Runtime\Subsystem\Public">
      <UniqueIdentifier>{29fe200e-fc8a-46d9-925c-acaf3b88a2c1}</UniqueIdentifier>
    </Filter>
    <Filter Include="Source\Window\Public">
      <UniqueIdentifier>{6eba292e-0546-4e28-b529-d0f65df74eec}</UniqueIdentifier>
    </Filter>
    <Filter Include="Source\Manager">
      <UniqueIdentifier>{4781ebe9-f761-4c50-ac1b-10b54f78ccb1}</UniqueIdentifier>
    </Filter>
    <Filter Include="Source\Manager\Viewport">
      <UniqueIdentifier>{e3b2cc89-fd88-4472-8706-551d605b9ff4}</UniqueIdentifier>
    </Filter>
    <Filter Include="Source\Manager\Viewport\Private">
      <UniqueIdentifier>{bc5c6ec5-5055-40cc-948e-b637e5bb2082}</UniqueIdentifier>
    </Filter>
    <Filter Include="Source\Manager\Viewport\Public">
      <UniqueIdentifier>{688722ec-9adb-4a3b-8917-a6ce18ee2782}</UniqueIdentifier>
    </Filter>
    <Filter Include="Source\Manager\Asset">
      <UniqueIdentifier>{e6e05fcf-51ad-4722-9e0f-6ec2e9f7146c}</UniqueIdentifier>
    </Filter>
    <Filter Include="Source\Manager\Asset\Private">
      <UniqueIdentifier>{3da1aa35-08d6-4c19-be35-bcf1141b0635}</UniqueIdentifier>
    </Filter>
    <Filter Include="Source\Manager\Asset\Public">
      <UniqueIdentifier>{0e92c9cb-ee86-4f05-8aac-94c1143d3a8b}</UniqueIdentifier>
    </Filter>
    <Filter Include="Source\Manager\Config">
      <UniqueIdentifier>{eccaae95-0b4f-42a7-8307-d1bc5997971b}</UniqueIdentifier>
    </Filter>
    <Filter Include="Source\Manager\Config\Private">
      <UniqueIdentifier>{a2a45153-8028-47d2-939e-9e7f299bf62f}</UniqueIdentifier>
    </Filter>
    <Filter Include="Source\Manager\Config\Public">
      <UniqueIdentifier>{72b2e9df-8552-4fb4-9563-f1d0ccd95d7e}</UniqueIdentifier>
    </Filter>
    <Filter Include="Source\Manager\Input">
      <UniqueIdentifier>{11dac33b-8d85-495f-83b1-e2f0b36bc191}</UniqueIdentifier>
    </Filter>
    <Filter Include="Source\Manager\Input\Private">
      <UniqueIdentifier>{360c6dbd-7f3c-4178-9510-b5253df4ced9}</UniqueIdentifier>
    </Filter>
    <Filter Include="Source\Manager\Input\Public">
      <UniqueIdentifier>{8259a378-a349-4c9a-a803-f7fd1a84ae90}</UniqueIdentifier>
    </Filter>
    <Filter Include="Source\Manager\Level">
      <UniqueIdentifier>{2a3dee2a-c9ff-45a8-acb2-eab0ed781a73}</UniqueIdentifier>
    </Filter>
    <Filter Include="Source\Manager\Level\Private">
      <UniqueIdentifier>{32958224-26cf-44a6-9cdb-6f4b8e67f9b4}</UniqueIdentifier>
    </Filter>
    <Filter Include="Source\Manager\Level\Public">
      <UniqueIdentifier>{f5636d69-d0ac-48c9-a19c-eef635add761}</UniqueIdentifier>
    </Filter>
    <Filter Include="Source\Manager\UI">
      <UniqueIdentifier>{ddcdbdd5-5769-4bf7-9c51-fb246fafdd89}</UniqueIdentifier>
    </Filter>
    <Filter Include="Source\Manager\UI\Private">
      <UniqueIdentifier>{ce123fee-6b27-4349-91fa-1bd63dbd29e8}</UniqueIdentifier>
    </Filter>
    <Filter Include="Source\Manager\UI\Public">
      <UniqueIdentifier>{81e4eb36-7844-4e6d-b75e-d152ead2ebaa}</UniqueIdentifier>
    </Filter>
    <Filter Include="Source\Material">
      <UniqueIdentifier>{c0162354-d12b-48ed-98d3-b54a1ae8f147}</UniqueIdentifier>
    </Filter>
    <Filter Include="Source\Material\Public">
      <UniqueIdentifier>{f7ac724b-e322-47f5-81ff-5c8abac9e8d5}</UniqueIdentifier>
    </Filter>
    <Filter Include="Source\Asset">
      <UniqueIdentifier>{dd630af7-5f9c-4241-96b7-cae610fc58af}</UniqueIdentifier>
    </Filter>
    <Filter Include="Source\Asset\Private">
      <UniqueIdentifier>{a03d0d68-33cc-431b-8bcd-660ec5c0f7ce}</UniqueIdentifier>
    </Filter>
    <Filter Include="Source\Asset\Public">
      <UniqueIdentifier>{2e8d886e-e88e-4328-9ff6-0e6a83dc8d0d}</UniqueIdentifier>
    </Filter>
    <Filter Include="Source\Global">
      <UniqueIdentifier>{d3ccf227-9222-47ae-b655-ead4e799d5ba}</UniqueIdentifier>
    </Filter>
    <Filter Include="Source\Physics">
      <UniqueIdentifier>{380afef6-d968-440f-b33b-349052b59e40}</UniqueIdentifier>
    </Filter>
    <Filter Include="Source\Physics\Private">
      <UniqueIdentifier>{b046a9f4-4864-4bd5-879e-7c1f0936c28f}</UniqueIdentifier>
    </Filter>
    <Filter Include="Source\Physics\Public">
      <UniqueIdentifier>{72dc4560-b7ae-43c0-aba2-a1269a5092b5}</UniqueIdentifier>
    </Filter>
    <Filter Include="Source\Editor">
      <UniqueIdentifier>{76df0c60-8b4e-413a-abdf-3e3a62f6c807}</UniqueIdentifier>
    </Filter>
    <Filter Include="Source\Editor\Private">
      <UniqueIdentifier>{87a9c12f-c70e-470c-bda8-3c3f01fe6aab}</UniqueIdentifier>
    </Filter>
    <Filter Include="Source\Editor\Public">
      <UniqueIdentifier>{6e252910-6b29-4886-a5f2-79bbbb3fbcc2}</UniqueIdentifier>
    </Filter>
    <Filter Include="Source\Factory">
      <UniqueIdentifier>{ce3aa7fa-3a26-44e9-9fd7-69963d077dd9}</UniqueIdentifier>
    </Filter>
    <Filter Include="Source\Factory\Actor">
      <UniqueIdentifier>{82fc3af3-fe2d-4157-8a74-c60a861b942e}</UniqueIdentifier>
    </Filter>
    <Filter Include="Source\Factory\Actor\Private">
      <UniqueIdentifier>{be7a42da-ef25-4ba7-a678-43b6e3d305e2}</UniqueIdentifier>
    </Filter>
    <Filter Include="Source\Factory\Actor\Public">
      <UniqueIdentifier>{38c6aaad-a10a-4c67-a799-520e01ba767d}</UniqueIdentifier>
    </Filter>
    <Filter Include="Source\Factory\Component">
      <UniqueIdentifier>{c2243b83-e190-4e9a-8c31-6ba08e1ee9b3}</UniqueIdentifier>
    </Filter>
    <Filter Include="Source\Factory\Component\Private">
      <UniqueIdentifier>{d6000d40-0ade-4dba-a399-b79b7fd97a68}</UniqueIdentifier>
    </Filter>
    <Filter Include="Source\Factory\Component\Public">
      <UniqueIdentifier>{fed5b2d7-03e2-4da2-bc42-47cd914d0d64}</UniqueIdentifier>
    </Filter>
    <Filter Include="Source\Factory\Private">
      <UniqueIdentifier>{58861a83-5f6d-46c8-8091-63e7bea348d8}</UniqueIdentifier>
    </Filter>
    <Filter Include="Source\Factory\Public">
      <UniqueIdentifier>{d1f87a2d-db61-45f0-9e27-86c7e7a2a6cf}</UniqueIdentifier>
    </Filter>
    <Filter Include="Source\ImGui">
      <UniqueIdentifier>{c8b90133-e427-47b9-9af7-11a419475f25}</UniqueIdentifier>
    </Filter>
    <Filter Include="Source\Render">
      <UniqueIdentifier>{e09e8aae-6fe2-4d7c-ac7f-7ef1610b38cf}</UniqueIdentifier>
    </Filter>
    <Filter Include="Source\Render\Renderer">
      <UniqueIdentifier>{d1887d03-937a-4219-b6f5-3cb80a53c13f}</UniqueIdentifier>
    </Filter>
    <Filter Include="Source\Render\Renderer\Private">
      <UniqueIdentifier>{8ff575b9-eca0-4a94-9064-cfe4d6adb455}</UniqueIdentifier>
    </Filter>
    <Filter Include="Source\Render\Renderer\Public">
      <UniqueIdentifier>{954f3344-8144-41e9-a267-83cc8139fe3a}</UniqueIdentifier>
    </Filter>
    <Filter Include="Source\Render\FontRenderer">
      <UniqueIdentifier>{14455208-8449-48fa-af14-44e4f4427459}</UniqueIdentifier>
    </Filter>
    <Filter Include="Source\Render\FontRenderer\Private">
      <UniqueIdentifier>{bd53c840-2e04-4bd6-b116-245cfade29aa}</UniqueIdentifier>
    </Filter>
    <Filter Include="Source\Render\FontRenderer\Public">
      <UniqueIdentifier>{ee44ce21-ac06-458f-b872-2ff51a8588cc}</UniqueIdentifier>
    </Filter>
    <Filter Include="Source\Render\UI">
      <UniqueIdentifier>{8d940ef4-c478-408d-bd1d-77b6ae963304}</UniqueIdentifier>
    </Filter>
    <Filter Include="Source\Render\UI\Factory">
      <UniqueIdentifier>{c8e292d2-e62d-45a0-b634-2400efbeb213}</UniqueIdentifier>
    </Filter>
    <Filter Include="Source\Render\UI\Factory\Private">
      <UniqueIdentifier>{ab019685-8368-409b-ac7a-cd043ec0bab3}</UniqueIdentifier>
    </Filter>
    <Filter Include="Source\Render\UI\Factory\Public">
      <UniqueIdentifier>{ddf4bd72-6598-44c0-9716-9feb2c174530}</UniqueIdentifier>
    </Filter>
    <Filter Include="Source\Render\UI\ImGui">
      <UniqueIdentifier>{c979fb4f-dd9a-4b66-a408-12234ff5c30f}</UniqueIdentifier>
    </Filter>
    <Filter Include="Source\Render\UI\ImGui\Private">
      <UniqueIdentifier>{cc155167-a159-4ad9-b01a-a42f6b30c61c}</UniqueIdentifier>
    </Filter>
    <Filter Include="Source\Render\UI\ImGui\Public">
      <UniqueIdentifier>{9f46a852-79b5-49f7-ba36-7405bea153f3}</UniqueIdentifier>
    </Filter>
    <Filter Include="Source\Render\UI\Widget">
      <UniqueIdentifier>{2f7814d0-ecb6-41d7-94e8-10ca3ae0d90b}</UniqueIdentifier>
    </Filter>
    <Filter Include="Source\Render\UI\Widget\Private">
      <UniqueIdentifier>{7e346c01-1013-4a63-bb04-cb4558ac63a2}</UniqueIdentifier>
    </Filter>
    <Filter Include="Source\Render\UI\Widget\Public">
      <UniqueIdentifier>{f503e32a-08bb-4ed0-8364-9d59ab06bbc2}</UniqueIdentifier>
    </Filter>
    <Filter Include="Source\Render\UI\Window">
      <UniqueIdentifier>{28ff81dc-0e59-4378-a28a-59a997cb984b}</UniqueIdentifier>
    </Filter>
    <Filter Include="Source\Render\UI\Window\Private">
      <UniqueIdentifier>{3036e702-e905-4d0e-b879-0ffa1dbe6151}</UniqueIdentifier>
    </Filter>
    <Filter Include="Source\Render\UI\Window\Public">
      <UniqueIdentifier>{19968b03-59c1-44a8-808c-40c9c02beacb}</UniqueIdentifier>
    </Filter>
    <Filter Include="Source\Texture">
      <UniqueIdentifier>{54553d46-8823-4ed0-8036-8aaa5e0d4173}</UniqueIdentifier>
    </Filter>
    <Filter Include="Source\Texture\Private">
      <UniqueIdentifier>{1efa3e3f-5dc9-4b65-815e-4dc90be7fba6}</UniqueIdentifier>
    </Filter>
    <Filter Include="Source\Texture\Public">
      <UniqueIdentifier>{8a736db2-12a8-48b5-ab2d-70e6594889f6}</UniqueIdentifier>
    </Filter>
    <Filter Include="Source\Utility">
      <UniqueIdentifier>{b4e08c56-f5d4-4760-b0d0-26d984da68cd}</UniqueIdentifier>
    </Filter>
    <Filter Include="Source\Utility\Private">
      <UniqueIdentifier>{400806aa-5649-4121-922f-fcbd5a827331}</UniqueIdentifier>
    </Filter>
    <Filter Include="Source\Utility\Public">
      <UniqueIdentifier>{1a65d63b-5c91-487b-ab24-e0e6a4df749c}</UniqueIdentifier>
    </Filter>
  </ItemGroup>
  <ItemGroup>
    <ResourceCompile Include="Engine.rc" />
  </ItemGroup>
</Project>